
Microsoft Visual Studio Solution File, Format Version 12.00
# Visual Studio Version 17
VisualStudioVersion = 17.0.31912.275
MinimumVisualStudioVersion = 10.0.40219.1
Project("{9A19103F-16F7-4668-BE54-9A1E7A4F7556}") = "MinesweeperApp", "MinesweeperApp\MinesweeperApp.csproj", "{EBDE4435-2EA1-4BEF-A9EC-BD28D1D5675B}"
EndProject
Project("{9A19103F-16F7-4668-BE54-9A1E7A4F7556}") = "MinesweeperLogic", "MinesweeperLogic\MinesweeperLogic.csproj", "{88BD7D9C-315E-4757-8A9A-C8ABFD77C4D9}"
EndProject
Project("{FAE04EC0-301F-11D3-BF4B-00C04F79EFBC}") = "MinesweeperWebApp", "MinesweeperWebApp\MinesweeperWebApp.csproj", "{31092092-1300-4939-A92E-8208A6392153}"
EndProject
Global
	GlobalSection(SolutionConfigurationPlatforms) = preSolution
		Debug|Any CPU = Debug|Any CPU
		Release|Any CPU = Release|Any CPU
	EndGlobalSection
	GlobalSection(ProjectConfigurationPlatforms) = postSolution
		{EBDE4435-2EA1-4BEF-A9EC-BD28D1D5675B}.Debug|Any CPU.ActiveCfg = Debug|Any CPU
		{EBDE4435-2EA1-4BEF-A9EC-BD28D1D5675B}.Debug|Any CPU.Build.0 = Debug|Any CPU
		{EBDE4435-2EA1-4BEF-A9EC-BD28D1D5675B}.Release|Any CPU.ActiveCfg = Release|Any CPU
		{EBDE4435-2EA1-4BEF-A9EC-BD28D1D5675B}.Release|Any CPU.Build.0 = Release|Any CPU
		{88BD7D9C-315E-4757-8A9A-C8ABFD77C4D9}.Debug|Any CPU.ActiveCfg = Debug|Any CPU
		{88BD7D9C-315E-4757-8A9A-C8ABFD77C4D9}.Debug|Any CPU.Build.0 = Debug|Any CPU
		{88BD7D9C-315E-4757-8A9A-C8ABFD77C4D9}.Release|Any CPU.ActiveCfg = Release|Any CPU
		{88BD7D9C-315E-4757-8A9A-C8ABFD77C4D9}.Release|Any CPU.Build.0 = Release|Any CPU
		{31092092-1300-4939-A92E-8208A6392153}.Debug|Any CPU.ActiveCfg = Debug|Any CPU
		{31092092-1300-4939-A92E-8208A6392153}.Debug|Any CPU.Build.0 = Debug|Any CPU
		{31092092-1300-4939-A92E-8208A6392153}.Release|Any CPU.ActiveCfg = Release|Any CPU
		{31092092-1300-4939-A92E-8208A6392153}.Release|Any CPU.Build.0 = Release|Any CPU
	EndGlobalSection
	GlobalSection(SolutionProperties) = preSolution
		HideSolutionNode = FALSE
	EndGlobalSection
	GlobalSection(ExtensibilityGlobals) = postSolution
		SolutionGuid = {02DA3BCE-ABD0-40D2-81B1-DEEE85491D25}
	EndGlobalSection
EndGlobal
